
Microsoft Visual Studio Solution File, Format Version 12.00
# Visual Studio 14
VisualStudioVersion = 14.0.25420.1
MinimumVisualStudioVersion = 10.0.40219.1
Project("{FAE04EC0-301F-11D3-BF4B-00C04F79EFBC}") = "XConceptOne.Droid", "XConceptOne\XConceptOne.Droid\XConceptOne.Droid.csproj", "{8FA72C54-F314-48F5-8DD0-B8C92828566E}"
EndProject
Project("{FAE04EC0-301F-11D3-BF4B-00C04F79EFBC}") = "XConceptOne.iOS", "XConceptOne\XConceptOne.iOS\XConceptOne.iOS.csproj", "{B7685EB6-8256-4710-B8FE-941550A3FC58}"
EndProject
Project("{FAE04EC0-301F-11D3-BF4B-00C04F79EFBC}") = "XConceptOne.WinPhone", "XConceptOne\XConceptOne.WinPhone\XConceptOne.WinPhone.csproj", "{FD8B58FF-B522-4089-AC49-C340E3778579}"
EndProject
Project("{FAE04EC0-301F-11D3-BF4B-00C04F79EFBC}") = "XConceptOne.UWP", "XConceptOne\XConceptOne.UWP\XConceptOne.UWP.csproj", "{C8006EE9-C11C-4D25-939F-397F2A8D6FBB}"
EndProject
Project("{FAE04EC0-301F-11D3-BF4B-00C04F79EFBC}") = "XConceptOne.Windows", "XConceptOne\XConceptOne.Windows\XConceptOne.Windows.csproj", "{32B23A41-5B99-4223-9FE3-8EBE11294ECE}"
EndProject
Project("{FAE04EC0-301F-11D3-BF4B-00C04F79EFBC}") = "XConceptOne", "XConceptOne\XConceptOne\XConceptOne.csproj", "{FED76C33-0783-46AE-8550-A438F460F1DA}"
EndProject
Global
	GlobalSection(SolutionConfigurationPlatforms) = preSolution
		Ad-Hoc|Any CPU = Ad-Hoc|Any CPU
		Ad-Hoc|ARM = Ad-Hoc|ARM
		Ad-Hoc|iPhone = Ad-Hoc|iPhone
		Ad-Hoc|iPhoneSimulator = Ad-Hoc|iPhoneSimulator
		Ad-Hoc|x64 = Ad-Hoc|x64
		Ad-Hoc|x86 = Ad-Hoc|x86
		AppStore|Any CPU = AppStore|Any CPU
		AppStore|ARM = AppStore|ARM
		AppStore|iPhone = AppStore|iPhone
		AppStore|iPhoneSimulator = AppStore|iPhoneSimulator
		AppStore|x64 = AppStore|x64
		AppStore|x86 = AppStore|x86
		Debug|Any CPU = Debug|Any CPU
		Debug|ARM = Debug|ARM
		Debug|iPhone = Debug|iPhone
		Debug|iPhoneSimulator = Debug|iPhoneSimulator
		Debug|x64 = Debug|x64
		Debug|x86 = Debug|x86
		Release|Any CPU = Release|Any CPU
		Release|ARM = Release|ARM
		Release|iPhone = Release|iPhone
		Release|iPhoneSimulator = Release|iPhoneSimulator
		Release|x64 = Release|x64
		Release|x86 = Release|x86
	EndGlobalSection
	GlobalSection(ProjectConfigurationPlatforms) = postSolution
		{8FA72C54-F314-48F5-8DD0-B8C92828566E}.Ad-Hoc|Any CPU.ActiveCfg = Release|Any CPU
		{8FA72C54-F314-48F5-8DD0-B8C92828566E}.Ad-Hoc|Any CPU.Build.0 = Release|Any CPU
		{8FA72C54-F314-48F5-8DD0-B8C92828566E}.Ad-Hoc|Any CPU.Deploy.0 = Release|Any CPU
		{8FA72C54-F314-48F5-8DD0-B8C92828566E}.Ad-Hoc|ARM.ActiveCfg = Release|Any CPU
		{8FA72C54-F314-48F5-8DD0-B8C92828566E}.Ad-Hoc|ARM.Build.0 = Release|Any CPU
		{8FA72C54-F314-48F5-8DD0-B8C92828566E}.Ad-Hoc|ARM.Deploy.0 = Release|Any CPU
		{8FA72C54-F314-48F5-8DD0-B8C92828566E}.Ad-Hoc|iPhone.ActiveCfg = Release|Any CPU
		{8FA72C54-F314-48F5-8DD0-B8C92828566E}.Ad-Hoc|iPhone.Build.0 = Release|Any CPU
		{8FA72C54-F314-48F5-8DD0-B8C92828566E}.Ad-Hoc|iPhone.Deploy.0 = Release|Any CPU
		{8FA72C54-F314-48F5-8DD0-B8C92828566E}.Ad-Hoc|iPhoneSimulator.ActiveCfg = Release|Any CPU
		{8FA72C54-F314-48F5-8DD0-B8C92828566E}.Ad-Hoc|iPhoneSimulator.Build.0 = Release|Any CPU
		{8FA72C54-F314-48F5-8DD0-B8C92828566E}.Ad-Hoc|iPhoneSimulator.Deploy.0 = Release|Any CPU
		{8FA72C54-F314-48F5-8DD0-B8C92828566E}.Ad-Hoc|x64.ActiveCfg = Release|Any CPU
		{8FA72C54-F314-48F5-8DD0-B8C92828566E}.Ad-Hoc|x64.Build.0 = Release|Any CPU
		{8FA72C54-F314-48F5-8DD0-B8C92828566E}.Ad-Hoc|x64.Deploy.0 = Release|Any CPU
		{8FA72C54-F314-48F5-8DD0-B8C92828566E}.Ad-Hoc|x86.ActiveCfg = Release|Any CPU
		{8FA72C54-F314-48F5-8DD0-B8C92828566E}.Ad-Hoc|x86.Build.0 = Release|Any CPU
		{8FA72C54-F314-48F5-8DD0-B8C92828566E}.Ad-Hoc|x86.Deploy.0 = Release|Any CPU
		{8FA72C54-F314-48F5-8DD0-B8C92828566E}.AppStore|Any CPU.ActiveCfg = Release|Any CPU
		{8FA72C54-F314-48F5-8DD0-B8C92828566E}.AppStore|Any CPU.Build.0 = Release|Any CPU
		{8FA72C54-F314-48F5-8DD0-B8C92828566E}.AppStore|Any CPU.Deploy.0 = Release|Any CPU
		{8FA72C54-F314-48F5-8DD0-B8C92828566E}.AppStore|ARM.ActiveCfg = Release|Any CPU
		{8FA72C54-F314-48F5-8DD0-B8C92828566E}.AppStore|ARM.Build.0 = Release|Any CPU
		{8FA72C54-F314-48F5-8DD0-B8C92828566E}.AppStore|ARM.Deploy.0 = Release|Any CPU
		{8FA72C54-F314-48F5-8DD0-B8C92828566E}.AppStore|iPhone.ActiveCfg = Release|Any CPU
		{8FA72C54-F314-48F5-8DD0-B8C92828566E}.AppStore|iPhone.Build.0 = Release|Any CPU
		{8FA72C54-F314-48F5-8DD0-B8C92828566E}.AppStore|iPhone.Deploy.0 = Release|Any CPU
		{8FA72C54-F314-48F5-8DD0-B8C92828566E}.AppStore|iPhoneSimulator.ActiveCfg = Release|Any CPU
		{8FA72C54-F314-48F5-8DD0-B8C92828566E}.AppStore|iPhoneSimulator.Build.0 = Release|Any CPU
		{8FA72C54-F314-48F5-8DD0-B8C92828566E}.AppStore|iPhoneSimulator.Deploy.0 = Release|Any CPU
		{8FA72C54-F314-48F5-8DD0-B8C92828566E}.AppStore|x64.ActiveCfg = Release|Any CPU
		{8FA72C54-F314-48F5-8DD0-B8C92828566E}.AppStore|x64.Build.0 = Release|Any CPU
		{8FA72C54-F314-48F5-8DD0-B8C92828566E}.AppStore|x64.Deploy.0 = Release|Any CPU
		{8FA72C54-F314-48F5-8DD0-B8C92828566E}.AppStore|x86.ActiveCfg = Release|Any CPU
		{8FA72C54-F314-48F5-8DD0-B8C92828566E}.AppStore|x86.Build.0 = Release|Any CPU
		{8FA72C54-F314-48F5-8DD0-B8C92828566E}.AppStore|x86.Deploy.0 = Release|Any CPU
		{8FA72C54-F314-48F5-8DD0-B8C92828566E}.Debug|Any CPU.ActiveCfg = Debug|Any CPU
		{8FA72C54-F314-48F5-8DD0-B8C92828566E}.Debug|Any CPU.Build.0 = Debug|Any CPU
		{8FA72C54-F314-48F5-8DD0-B8C92828566E}.Debug|Any CPU.Deploy.0 = Debug|Any CPU
		{8FA72C54-F314-48F5-8DD0-B8C92828566E}.Debug|ARM.ActiveCfg = Debug|Any CPU
		{8FA72C54-F314-48F5-8DD0-B8C92828566E}.Debug|ARM.Build.0 = Debug|Any CPU
		{8FA72C54-F314-48F5-8DD0-B8C92828566E}.Debug|ARM.Deploy.0 = Debug|Any CPU
		{8FA72C54-F314-48F5-8DD0-B8C92828566E}.Debug|iPhone.ActiveCfg = Debug|Any CPU
		{8FA72C54-F314-48F5-8DD0-B8C92828566E}.Debug|iPhone.Build.0 = Debug|Any CPU
		{8FA72C54-F314-48F5-8DD0-B8C92828566E}.Debug|iPhone.Deploy.0 = Debug|Any CPU
		{8FA72C54-F314-48F5-8DD0-B8C92828566E}.Debug|iPhoneSimulator.ActiveCfg = Debug|Any CPU
		{8FA72C54-F314-48F5-8DD0-B8C92828566E}.Debug|iPhoneSimulator.Build.0 = Debug|Any CPU
		{8FA72C54-F314-48F5-8DD0-B8C92828566E}.Debug|iPhoneSimulator.Deploy.0 = Debug|Any CPU
		{8FA72C54-F314-48F5-8DD0-B8C92828566E}.Debug|x64.ActiveCfg = Debug|Any CPU
		{8FA72C54-F314-48F5-8DD0-B8C92828566E}.Debug|x64.Build.0 = Debug|Any CPU
		{8FA72C54-F314-48F5-8DD0-B8C92828566E}.Debug|x64.Deploy.0 = Debug|Any CPU
		{8FA72C54-F314-48F5-8DD0-B8C92828566E}.Debug|x86.ActiveCfg = Debug|Any CPU
		{8FA72C54-F314-48F5-8DD0-B8C92828566E}.Debug|x86.Build.0 = Debug|Any CPU
		{8FA72C54-F314-48F5-8DD0-B8C92828566E}.Debug|x86.Deploy.0 = Debug|Any CPU
		{8FA72C54-F314-48F5-8DD0-B8C92828566E}.Release|Any CPU.ActiveCfg = Release|Any CPU
		{8FA72C54-F314-48F5-8DD0-B8C92828566E}.Release|Any CPU.Build.0 = Release|Any CPU
		{8FA72C54-F314-48F5-8DD0-B8C92828566E}.Release|Any CPU.Deploy.0 = Release|Any CPU
		{8FA72C54-F314-48F5-8DD0-B8C92828566E}.Release|ARM.ActiveCfg = Release|Any CPU
		{8FA72C54-F314-48F5-8DD0-B8C92828566E}.Release|ARM.Build.0 = Release|Any CPU
		{8FA72C54-F314-48F5-8DD0-B8C92828566E}.Release|ARM.Deploy.0 = Release|Any CPU
		{8FA72C54-F314-48F5-8DD0-B8C92828566E}.Release|iPhone.ActiveCfg = Release|Any CPU
		{8FA72C54-F314-48F5-8DD0-B8C92828566E}.Release|iPhone.Build.0 = Release|Any CPU
		{8FA72C54-F314-48F5-8DD0-B8C92828566E}.Release|iPhone.Deploy.0 = Release|Any CPU
		{8FA72C54-F314-48F5-8DD0-B8C92828566E}.Release|iPhoneSimulator.ActiveCfg = Release|Any CPU
		{8FA72C54-F314-48F5-8DD0-B8C92828566E}.Release|iPhoneSimulator.Build.0 = Release|Any CPU
		{8FA72C54-F314-48F5-8DD0-B8C92828566E}.Release|iPhoneSimulator.Deploy.0 = Release|Any CPU
		{8FA72C54-F314-48F5-8DD0-B8C92828566E}.Release|x64.ActiveCfg = Release|Any CPU
		{8FA72C54-F314-48F5-8DD0-B8C92828566E}.Release|x64.Build.0 = Release|Any CPU
		{8FA72C54-F314-48F5-8DD0-B8C92828566E}.Release|x64.Deploy.0 = Release|Any CPU
		{8FA72C54-F314-48F5-8DD0-B8C92828566E}.Release|x86.ActiveCfg = Release|Any CPU
		{8FA72C54-F314-48F5-8DD0-B8C92828566E}.Release|x86.Build.0 = Release|Any CPU
		{8FA72C54-F314-48F5-8DD0-B8C92828566E}.Release|x86.Deploy.0 = Release|Any CPU
		{B7685EB6-8256-4710-B8FE-941550A3FC58}.Ad-Hoc|Any CPU.ActiveCfg = Ad-Hoc|iPhone
		{B7685EB6-8256-4710-B8FE-941550A3FC58}.Ad-Hoc|ARM.ActiveCfg = Ad-Hoc|iPhone
		{B7685EB6-8256-4710-B8FE-941550A3FC58}.Ad-Hoc|iPhone.ActiveCfg = Ad-Hoc|iPhone
		{B7685EB6-8256-4710-B8FE-941550A3FC58}.Ad-Hoc|iPhone.Build.0 = Ad-Hoc|iPhone
		{B7685EB6-8256-4710-B8FE-941550A3FC58}.Ad-Hoc|iPhoneSimulator.ActiveCfg = Ad-Hoc|iPhoneSimulator
		{B7685EB6-8256-4710-B8FE-941550A3FC58}.Ad-Hoc|iPhoneSimulator.Build.0 = Ad-Hoc|iPhoneSimulator
		{B7685EB6-8256-4710-B8FE-941550A3FC58}.Ad-Hoc|x64.ActiveCfg = Ad-Hoc|iPhone
		{B7685EB6-8256-4710-B8FE-941550A3FC58}.Ad-Hoc|x86.ActiveCfg = Ad-Hoc|iPhone
		{B7685EB6-8256-4710-B8FE-941550A3FC58}.AppStore|Any CPU.ActiveCfg = AppStore|iPhone
		{B7685EB6-8256-4710-B8FE-941550A3FC58}.AppStore|ARM.ActiveCfg = AppStore|iPhone
		{B7685EB6-8256-4710-B8FE-941550A3FC58}.AppStore|iPhone.ActiveCfg = AppStore|iPhone
		{B7685EB6-8256-4710-B8FE-941550A3FC58}.AppStore|iPhone.Build.0 = AppStore|iPhone
		{B7685EB6-8256-4710-B8FE-941550A3FC58}.AppStore|iPhoneSimulator.ActiveCfg = AppStore|iPhoneSimulator
		{B7685EB6-8256-4710-B8FE-941550A3FC58}.AppStore|iPhoneSimulator.Build.0 = AppStore|iPhoneSimulator
		{B7685EB6-8256-4710-B8FE-941550A3FC58}.AppStore|x64.ActiveCfg = AppStore|iPhone
		{B7685EB6-8256-4710-B8FE-941550A3FC58}.AppStore|x86.ActiveCfg = AppStore|iPhone
		{B7685EB6-8256-4710-B8FE-941550A3FC58}.Debug|Any CPU.ActiveCfg = Debug|iPhone
		{B7685EB6-8256-4710-B8FE-941550A3FC58}.Debug|ARM.ActiveCfg = Debug|iPhone
		{B7685EB6-8256-4710-B8FE-941550A3FC58}.Debug|iPhone.ActiveCfg = Debug|iPhone
		{B7685EB6-8256-4710-B8FE-941550A3FC58}.Debug|iPhone.Build.0 = Debug|iPhone
		{B7685EB6-8256-4710-B8FE-941550A3FC58}.Debug|iPhoneSimulator.ActiveCfg = Debug|iPhoneSimulator
		{B7685EB6-8256-4710-B8FE-941550A3FC58}.Debug|iPhoneSimulator.Build.0 = Debug|iPhoneSimulator
		{B7685EB6-8256-4710-B8FE-941550A3FC58}.Debug|x64.ActiveCfg = Debug|iPhone
		{B7685EB6-8256-4710-B8FE-941550A3FC58}.Debug|x86.ActiveCfg = Debug|iPhone
		{B7685EB6-8256-4710-B8FE-941550A3FC58}.Release|Any CPU.ActiveCfg = Release|iPhone
		{B7685EB6-8256-4710-B8FE-941550A3FC58}.Release|ARM.ActiveCfg = Release|iPhone
		{B7685EB6-8256-4710-B8FE-941550A3FC58}.Release|iPhone.ActiveCfg = Release|iPhone
		{B7685EB6-8256-4710-B8FE-941550A3FC58}.Release|iPhone.Build.0 = Release|iPhone
		{B7685EB6-8256-4710-B8FE-941550A3FC58}.Release|iPhoneSimulator.ActiveCfg = Release|iPhoneSimulator
		{B7685EB6-8256-4710-B8FE-941550A3FC58}.Release|iPhoneSimulator.Build.0 = Release|iPhoneSimulator
		{B7685EB6-8256-4710-B8FE-941550A3FC58}.Release|x64.ActiveCfg = Release|iPhone
		{B7685EB6-8256-4710-B8FE-941550A3FC58}.Release|x86.ActiveCfg = Release|iPhone
		{FD8B58FF-B522-4089-AC49-C340E3778579}.Ad-Hoc|Any CPU.ActiveCfg = Release|Any CPU
		{FD8B58FF-B522-4089-AC49-C340E3778579}.Ad-Hoc|Any CPU.Build.0 = Release|Any CPU
		{FD8B58FF-B522-4089-AC49-C340E3778579}.Ad-Hoc|Any CPU.Deploy.0 = Release|Any CPU
		{FD8B58FF-B522-4089-AC49-C340E3778579}.Ad-Hoc|ARM.ActiveCfg = Release|ARM
		{FD8B58FF-B522-4089-AC49-C340E3778579}.Ad-Hoc|ARM.Build.0 = Release|ARM
		{FD8B58FF-B522-4089-AC49-C340E3778579}.Ad-Hoc|ARM.Deploy.0 = Release|ARM
		{FD8B58FF-B522-4089-AC49-C340E3778579}.Ad-Hoc|iPhone.ActiveCfg = Release|Any CPU
		{FD8B58FF-B522-4089-AC49-C340E3778579}.Ad-Hoc|iPhone.Build.0 = Release|Any CPU
		{FD8B58FF-B522-4089-AC49-C340E3778579}.Ad-Hoc|iPhone.Deploy.0 = Release|Any CPU
		{FD8B58FF-B522-4089-AC49-C340E3778579}.Ad-Hoc|iPhoneSimulator.ActiveCfg = Release|Any CPU
		{FD8B58FF-B522-4089-AC49-C340E3778579}.Ad-Hoc|iPhoneSimulator.Build.0 = Release|Any CPU
		{FD8B58FF-B522-4089-AC49-C340E3778579}.Ad-Hoc|iPhoneSimulator.Deploy.0 = Release|Any CPU
		{FD8B58FF-B522-4089-AC49-C340E3778579}.Ad-Hoc|x64.ActiveCfg = Release|Any CPU
		{FD8B58FF-B522-4089-AC49-C340E3778579}.Ad-Hoc|x64.Build.0 = Release|Any CPU
		{FD8B58FF-B522-4089-AC49-C340E3778579}.Ad-Hoc|x64.Deploy.0 = Release|Any CPU
		{FD8B58FF-B522-4089-AC49-C340E3778579}.Ad-Hoc|x86.ActiveCfg = Release|x86
		{FD8B58FF-B522-4089-AC49-C340E3778579}.Ad-Hoc|x86.Build.0 = Release|x86
		{FD8B58FF-B522-4089-AC49-C340E3778579}.Ad-Hoc|x86.Deploy.0 = Release|x86
		{FD8B58FF-B522-4089-AC49-C340E3778579}.AppStore|Any CPU.ActiveCfg = Release|Any CPU
		{FD8B58FF-B522-4089-AC49-C340E3778579}.AppStore|Any CPU.Build.0 = Release|Any CPU
		{FD8B58FF-B522-4089-AC49-C340E3778579}.AppStore|Any CPU.Deploy.0 = Release|Any CPU
		{FD8B58FF-B522-4089-AC49-C340E3778579}.AppStore|ARM.ActiveCfg = Release|ARM
		{FD8B58FF-B522-4089-AC49-C340E3778579}.AppStore|ARM.Build.0 = Release|ARM
		{FD8B58FF-B522-4089-AC49-C340E3778579}.AppStore|ARM.Deploy.0 = Release|ARM
		{FD8B58FF-B522-4089-AC49-C340E3778579}.AppStore|iPhone.ActiveCfg = Release|Any CPU
		{FD8B58FF-B522-4089-AC49-C340E3778579}.AppStore|iPhone.Build.0 = Release|Any CPU
		{FD8B58FF-B522-4089-AC49-C340E3778579}.AppStore|iPhone.Deploy.0 = Release|Any CPU
		{FD8B58FF-B522-4089-AC49-C340E3778579}.AppStore|iPhoneSimulator.ActiveCfg = Release|Any CPU
		{FD8B58FF-B522-4089-AC49-C340E3778579}.AppStore|iPhoneSimulator.Build.0 = Release|Any CPU
		{FD8B58FF-B522-4089-AC49-C340E3778579}.AppStore|iPhoneSimulator.Deploy.0 = Release|Any CPU
		{FD8B58FF-B522-4089-AC49-C340E3778579}.AppStore|x64.ActiveCfg = Release|Any CPU
		{FD8B58FF-B522-4089-AC49-C340E3778579}.AppStore|x64.Build.0 = Release|Any CPU
		{FD8B58FF-B522-4089-AC49-C340E3778579}.AppStore|x64.Deploy.0 = Release|Any CPU
		{FD8B58FF-B522-4089-AC49-C340E3778579}.AppStore|x86.ActiveCfg = Release|x86
		{FD8B58FF-B522-4089-AC49-C340E3778579}.AppStore|x86.Build.0 = Release|x86
		{FD8B58FF-B522-4089-AC49-C340E3778579}.AppStore|x86.Deploy.0 = Release|x86
		{FD8B58FF-B522-4089-AC49-C340E3778579}.Debug|Any CPU.ActiveCfg = Debug|Any CPU
		{FD8B58FF-B522-4089-AC49-C340E3778579}.Debug|Any CPU.Build.0 = Debug|Any CPU
		{FD8B58FF-B522-4089-AC49-C340E3778579}.Debug|Any CPU.Deploy.0 = Debug|Any CPU
		{FD8B58FF-B522-4089-AC49-C340E3778579}.Debug|ARM.ActiveCfg = Debug|ARM
		{FD8B58FF-B522-4089-AC49-C340E3778579}.Debug|ARM.Build.0 = Debug|ARM
		{FD8B58FF-B522-4089-AC49-C340E3778579}.Debug|ARM.Deploy.0 = Debug|ARM
		{FD8B58FF-B522-4089-AC49-C340E3778579}.Debug|iPhone.ActiveCfg = Debug|Any CPU
		{FD8B58FF-B522-4089-AC49-C340E3778579}.Debug|iPhone.Build.0 = Debug|Any CPU
		{FD8B58FF-B522-4089-AC49-C340E3778579}.Debug|iPhone.Deploy.0 = Debug|Any CPU
		{FD8B58FF-B522-4089-AC49-C340E3778579}.Debug|iPhoneSimulator.ActiveCfg = Debug|Any CPU
		{FD8B58FF-B522-4089-AC49-C340E3778579}.Debug|iPhoneSimulator.Build.0 = Debug|Any CPU
		{FD8B58FF-B522-4089-AC49-C340E3778579}.Debug|iPhoneSimulator.Deploy.0 = Debug|Any CPU
		{FD8B58FF-B522-4089-AC49-C340E3778579}.Debug|x64.ActiveCfg = Debug|Any CPU
		{FD8B58FF-B522-4089-AC49-C340E3778579}.Debug|x64.Build.0 = Debug|Any CPU
		{FD8B58FF-B522-4089-AC49-C340E3778579}.Debug|x64.Deploy.0 = Debug|Any CPU
		{FD8B58FF-B522-4089-AC49-C340E3778579}.Debug|x86.ActiveCfg = Debug|x86
		{FD8B58FF-B522-4089-AC49-C340E3778579}.Debug|x86.Build.0 = Debug|x86
		{FD8B58FF-B522-4089-AC49-C340E3778579}.Debug|x86.Deploy.0 = Debug|x86
		{FD8B58FF-B522-4089-AC49-C340E3778579}.Release|Any CPU.ActiveCfg = Release|Any CPU
		{FD8B58FF-B522-4089-AC49-C340E3778579}.Release|Any CPU.Build.0 = Release|Any CPU
		{FD8B58FF-B522-4089-AC49-C340E3778579}.Release|Any CPU.Deploy.0 = Release|Any CPU
		{FD8B58FF-B522-4089-AC49-C340E3778579}.Release|ARM.ActiveCfg = Release|ARM
		{FD8B58FF-B522-4089-AC49-C340E3778579}.Release|ARM.Build.0 = Release|ARM
		{FD8B58FF-B522-4089-AC49-C340E3778579}.Release|ARM.Deploy.0 = Release|ARM
		{FD8B58FF-B522-4089-AC49-C340E3778579}.Release|iPhone.ActiveCfg = Release|Any CPU
		{FD8B58FF-B522-4089-AC49-C340E3778579}.Release|iPhone.Build.0 = Release|Any CPU
		{FD8B58FF-B522-4089-AC49-C340E3778579}.Release|iPhone.Deploy.0 = Release|Any CPU
		{FD8B58FF-B522-4089-AC49-C340E3778579}.Release|iPhoneSimulator.ActiveCfg = Release|Any CPU
		{FD8B58FF-B522-4089-AC49-C340E3778579}.Release|iPhoneSimulator.Build.0 = Release|Any CPU
		{FD8B58FF-B522-4089-AC49-C340E3778579}.Release|iPhoneSimulator.Deploy.0 = Release|Any CPU
		{FD8B58FF-B522-4089-AC49-C340E3778579}.Release|x64.ActiveCfg = Release|Any CPU
		{FD8B58FF-B522-4089-AC49-C340E3778579}.Release|x64.Build.0 = Release|Any CPU
		{FD8B58FF-B522-4089-AC49-C340E3778579}.Release|x64.Deploy.0 = Release|Any CPU
		{FD8B58FF-B522-4089-AC49-C340E3778579}.Release|x86.ActiveCfg = Release|x86
		{FD8B58FF-B522-4089-AC49-C340E3778579}.Release|x86.Build.0 = Release|x86
		{FD8B58FF-B522-4089-AC49-C340E3778579}.Release|x86.Deploy.0 = Release|x86
		{C8006EE9-C11C-4D25-939F-397F2A8D6FBB}.Ad-Hoc|Any CPU.ActiveCfg = Release|x86
		{C8006EE9-C11C-4D25-939F-397F2A8D6FBB}.Ad-Hoc|Any CPU.Build.0 = Release|x86
		{C8006EE9-C11C-4D25-939F-397F2A8D6FBB}.Ad-Hoc|Any CPU.Deploy.0 = Release|x86
		{C8006EE9-C11C-4D25-939F-397F2A8D6FBB}.Ad-Hoc|ARM.ActiveCfg = Release|ARM
		{C8006EE9-C11C-4D25-939F-397F2A8D6FBB}.Ad-Hoc|ARM.Build.0 = Release|ARM
		{C8006EE9-C11C-4D25-939F-397F2A8D6FBB}.Ad-Hoc|ARM.Deploy.0 = Release|ARM
		{C8006EE9-C11C-4D25-939F-397F2A8D6FBB}.Ad-Hoc|iPhone.ActiveCfg = Release|x86
		{C8006EE9-C11C-4D25-939F-397F2A8D6FBB}.Ad-Hoc|iPhone.Build.0 = Release|x86
		{C8006EE9-C11C-4D25-939F-397F2A8D6FBB}.Ad-Hoc|iPhone.Deploy.0 = Release|x86
		{C8006EE9-C11C-4D25-939F-397F2A8D6FBB}.Ad-Hoc|iPhoneSimulator.ActiveCfg = Release|x86
		{C8006EE9-C11C-4D25-939F-397F2A8D6FBB}.Ad-Hoc|iPhoneSimulator.Build.0 = Release|x86
		{C8006EE9-C11C-4D25-939F-397F2A8D6FBB}.Ad-Hoc|iPhoneSimulator.Deploy.0 = Release|x86
		{C8006EE9-C11C-4D25-939F-397F2A8D6FBB}.Ad-Hoc|x64.ActiveCfg = Release|x64
		{C8006EE9-C11C-4D25-939F-397F2A8D6FBB}.Ad-Hoc|x64.Build.0 = Release|x64
		{C8006EE9-C11C-4D25-939F-397F2A8D6FBB}.Ad-Hoc|x64.Deploy.0 = Release|x64
		{C8006EE9-C11C-4D25-939F-397F2A8D6FBB}.Ad-Hoc|x86.ActiveCfg = Release|x86
		{C8006EE9-C11C-4D25-939F-397F2A8D6FBB}.Ad-Hoc|x86.Build.0 = Release|x86
		{C8006EE9-C11C-4D25-939F-397F2A8D6FBB}.Ad-Hoc|x86.Deploy.0 = Release|x86
		{C8006EE9-C11C-4D25-939F-397F2A8D6FBB}.AppStore|Any CPU.ActiveCfg = Release|x86
		{C8006EE9-C11C-4D25-939F-397F2A8D6FBB}.AppStore|Any CPU.Build.0 = Release|x86
		{C8006EE9-C11C-4D25-939F-397F2A8D6FBB}.AppStore|Any CPU.Deploy.0 = Release|x86
		{C8006EE9-C11C-4D25-939F-397F2A8D6FBB}.AppStore|ARM.ActiveCfg = Release|ARM
		{C8006EE9-C11C-4D25-939F-397F2A8D6FBB}.AppStore|ARM.Build.0 = Release|ARM
		{C8006EE9-C11C-4D25-939F-397F2A8D6FBB}.AppStore|ARM.Deploy.0 = Release|ARM
		{C8006EE9-C11C-4D25-939F-397F2A8D6FBB}.AppStore|iPhone.ActiveCfg = Release|x86
		{C8006EE9-C11C-4D25-939F-397F2A8D6FBB}.AppStore|iPhone.Build.0 = Release|x86
		{C8006EE9-C11C-4D25-939F-397F2A8D6FBB}.AppStore|iPhone.Deploy.0 = Release|x86
		{C8006EE9-C11C-4D25-939F-397F2A8D6FBB}.AppStore|iPhoneSimulator.ActiveCfg = Release|x86
		{C8006EE9-C11C-4D25-939F-397F2A8D6FBB}.AppStore|iPhoneSimulator.Build.0 = Release|x86
		{C8006EE9-C11C-4D25-939F-397F2A8D6FBB}.AppStore|iPhoneSimulator.Deploy.0 = Release|x86
		{C8006EE9-C11C-4D25-939F-397F2A8D6FBB}.AppStore|x64.ActiveCfg = Release|x64
		{C8006EE9-C11C-4D25-939F-397F2A8D6FBB}.AppStore|x64.Build.0 = Release|x64
		{C8006EE9-C11C-4D25-939F-397F2A8D6FBB}.AppStore|x64.Deploy.0 = Release|x64
		{C8006EE9-C11C-4D25-939F-397F2A8D6FBB}.AppStore|x86.ActiveCfg = Release|x86
		{C8006EE9-C11C-4D25-939F-397F2A8D6FBB}.AppStore|x86.Build.0 = Release|x86
		{C8006EE9-C11C-4D25-939F-397F2A8D6FBB}.AppStore|x86.Deploy.0 = Release|x86
		{C8006EE9-C11C-4D25-939F-397F2A8D6FBB}.Debug|Any CPU.ActiveCfg = Debug|x86
		{C8006EE9-C11C-4D25-939F-397F2A8D6FBB}.Debug|ARM.ActiveCfg = Debug|ARM
		{C8006EE9-C11C-4D25-939F-397F2A8D6FBB}.Debug|ARM.Build.0 = Debug|ARM
		{C8006EE9-C11C-4D25-939F-397F2A8D6FBB}.Debug|ARM.Deploy.0 = Debug|ARM
		{C8006EE9-C11C-4D25-939F-397F2A8D6FBB}.Debug|iPhone.ActiveCfg = Debug|x86
		{C8006EE9-C11C-4D25-939F-397F2A8D6FBB}.Debug|iPhoneSimulator.ActiveCfg = Debug|x86
		{C8006EE9-C11C-4D25-939F-397F2A8D6FBB}.Debug|x64.ActiveCfg = Debug|x64
		{C8006EE9-C11C-4D25-939F-397F2A8D6FBB}.Debug|x64.Build.0 = Debug|x64
		{C8006EE9-C11C-4D25-939F-397F2A8D6FBB}.Debug|x64.Deploy.0 = Debug|x64
		{C8006EE9-C11C-4D25-939F-397F2A8D6FBB}.Debug|x86.ActiveCfg = Debug|x86
		{C8006EE9-C11C-4D25-939F-397F2A8D6FBB}.Debug|x86.Build.0 = Debug|x86
		{C8006EE9-C11C-4D25-939F-397F2A8D6FBB}.Debug|x86.Deploy.0 = Debug|x86
		{C8006EE9-C11C-4D25-939F-397F2A8D6FBB}.Release|Any CPU.ActiveCfg = Release|x86
		{C8006EE9-C11C-4D25-939F-397F2A8D6FBB}.Release|ARM.ActiveCfg = Release|ARM
		{C8006EE9-C11C-4D25-939F-397F2A8D6FBB}.Release|ARM.Build.0 = Release|ARM
		{C8006EE9-C11C-4D25-939F-397F2A8D6FBB}.Release|ARM.Deploy.0 = Release|ARM
		{C8006EE9-C11C-4D25-939F-397F2A8D6FBB}.Release|iPhone.ActiveCfg = Release|x86
		{C8006EE9-C11C-4D25-939F-397F2A8D6FBB}.Release|iPhoneSimulator.ActiveCfg = Release|x86
		{C8006EE9-C11C-4D25-939F-397F2A8D6FBB}.Release|x64.ActiveCfg = Release|x64
		{C8006EE9-C11C-4D25-939F-397F2A8D6FBB}.Release|x64.Build.0 = Release|x64
		{C8006EE9-C11C-4D25-939F-397F2A8D6FBB}.Release|x64.Deploy.0 = Release|x64
		{C8006EE9-C11C-4D25-939F-397F2A8D6FBB}.Release|x86.ActiveCfg = Release|x86
		{C8006EE9-C11C-4D25-939F-397F2A8D6FBB}.Release|x86.Build.0 = Release|x86
		{C8006EE9-C11C-4D25-939F-397F2A8D6FBB}.Release|x86.Deploy.0 = Release|x86
		{32B23A41-5B99-4223-9FE3-8EBE11294ECE}.Ad-Hoc|Any CPU.ActiveCfg = Release|Any CPU
		{32B23A41-5B99-4223-9FE3-8EBE11294ECE}.Ad-Hoc|Any CPU.Build.0 = Release|Any CPU
		{32B23A41-5B99-4223-9FE3-8EBE11294ECE}.Ad-Hoc|Any CPU.Deploy.0 = Release|Any CPU
		{32B23A41-5B99-4223-9FE3-8EBE11294ECE}.Ad-Hoc|ARM.ActiveCfg = Release|ARM
		{32B23A41-5B99-4223-9FE3-8EBE11294ECE}.Ad-Hoc|ARM.Build.0 = Release|ARM
		{32B23A41-5B99-4223-9FE3-8EBE11294ECE}.Ad-Hoc|ARM.Deploy.0 = Release|ARM
		{32B23A41-5B99-4223-9FE3-8EBE11294ECE}.Ad-Hoc|iPhone.ActiveCfg = Release|Any CPU
		{32B23A41-5B99-4223-9FE3-8EBE11294ECE}.Ad-Hoc|iPhone.Build.0 = Release|Any CPU
		{32B23A41-5B99-4223-9FE3-8EBE11294ECE}.Ad-Hoc|iPhone.Deploy.0 = Release|Any CPU
		{32B23A41-5B99-4223-9FE3-8EBE11294ECE}.Ad-Hoc|iPhoneSimulator.ActiveCfg = Release|Any CPU
		{32B23A41-5B99-4223-9FE3-8EBE11294ECE}.Ad-Hoc|iPhoneSimulator.Build.0 = Release|Any CPU
		{32B23A41-5B99-4223-9FE3-8EBE11294ECE}.Ad-Hoc|iPhoneSimulator.Deploy.0 = Release|Any CPU
		{32B23A41-5B99-4223-9FE3-8EBE11294ECE}.Ad-Hoc|x64.ActiveCfg = Release|x64
		{32B23A41-5B99-4223-9FE3-8EBE11294ECE}.Ad-Hoc|x64.Build.0 = Release|x64
		{32B23A41-5B99-4223-9FE3-8EBE11294ECE}.Ad-Hoc|x64.Deploy.0 = Release|x64
		{32B23A41-5B99-4223-9FE3-8EBE11294ECE}.Ad-Hoc|x86.ActiveCfg = Release|x86
		{32B23A41-5B99-4223-9FE3-8EBE11294ECE}.Ad-Hoc|x86.Build.0 = Release|x86
		{32B23A41-5B99-4223-9FE3-8EBE11294ECE}.Ad-Hoc|x86.Deploy.0 = Release|x86
		{32B23A41-5B99-4223-9FE3-8EBE11294ECE}.AppStore|Any CPU.ActiveCfg = Release|Any CPU
		{32B23A41-5B99-4223-9FE3-8EBE11294ECE}.AppStore|Any CPU.Build.0 = Release|Any CPU
		{32B23A41-5B99-4223-9FE3-8EBE11294ECE}.AppStore|Any CPU.Deploy.0 = Release|Any CPU
		{32B23A41-5B99-4223-9FE3-8EBE11294ECE}.AppStore|ARM.ActiveCfg = Release|ARM
		{32B23A41-5B99-4223-9FE3-8EBE11294ECE}.AppStore|ARM.Build.0 = Release|ARM
		{32B23A41-5B99-4223-9FE3-8EBE11294ECE}.AppStore|ARM.Deploy.0 = Release|ARM
		{32B23A41-5B99-4223-9FE3-8EBE11294ECE}.AppStore|iPhone.ActiveCfg = Release|Any CPU
		{32B23A41-5B99-4223-9FE3-8EBE11294ECE}.AppStore|iPhone.Build.0 = Release|Any CPU
		{32B23A41-5B99-4223-9FE3-8EBE11294ECE}.AppStore|iPhone.Deploy.0 = Release|Any CPU
		{32B23A41-5B99-4223-9FE3-8EBE11294ECE}.AppStore|iPhoneSimulator.ActiveCfg = Release|Any CPU
		{32B23A41-5B99-4223-9FE3-8EBE11294ECE}.AppStore|iPhoneSimulator.Build.0 = Release|Any CPU
		{32B23A41-5B99-4223-9FE3-8EBE11294ECE}.AppStore|iPhoneSimulator.Deploy.0 = Release|Any CPU
		{32B23A41-5B99-4223-9FE3-8EBE11294ECE}.AppStore|x64.ActiveCfg = Release|x64
		{32B23A41-5B99-4223-9FE3-8EBE11294ECE}.AppStore|x64.Build.0 = Release|x64
		{32B23A41-5B99-4223-9FE3-8EBE11294ECE}.AppStore|x64.Deploy.0 = Release|x64
		{32B23A41-5B99-4223-9FE3-8EBE11294ECE}.AppStore|x86.ActiveCfg = Release|x86
		{32B23A41-5B99-4223-9FE3-8EBE11294ECE}.AppStore|x86.Build.0 = Release|x86
		{32B23A41-5B99-4223-9FE3-8EBE11294ECE}.AppStore|x86.Deploy.0 = Release|x86
		{32B23A41-5B99-4223-9FE3-8EBE11294ECE}.Debug|Any CPU.ActiveCfg = Debug|Any CPU
		{32B23A41-5B99-4223-9FE3-8EBE11294ECE}.Debug|Any CPU.Build.0 = Debug|Any CPU
		{32B23A41-5B99-4223-9FE3-8EBE11294ECE}.Debug|Any CPU.Deploy.0 = Debug|Any CPU
		{32B23A41-5B99-4223-9FE3-8EBE11294ECE}.Debug|ARM.ActiveCfg = Debug|ARM
		{32B23A41-5B99-4223-9FE3-8EBE11294ECE}.Debug|ARM.Build.0 = Debug|ARM
		{32B23A41-5B99-4223-9FE3-8EBE11294ECE}.Debug|ARM.Deploy.0 = Debug|ARM
		{32B23A41-5B99-4223-9FE3-8EBE11294ECE}.Debug|iPhone.ActiveCfg = Debug|Any CPU
		{32B23A41-5B99-4223-9FE3-8EBE11294ECE}.Debug|iPhone.Build.0 = Debug|Any CPU
		{32B23A41-5B99-4223-9FE3-8EBE11294ECE}.Debug|iPhone.Deploy.0 = Debug|Any CPU
		{32B23A41-5B99-4223-9FE3-8EBE11294ECE}.Debug|iPhoneSimulator.ActiveCfg = Debug|Any CPU
		{32B23A41-5B99-4223-9FE3-8EBE11294ECE}.Debug|iPhoneSimulator.Build.0 = Debug|Any CPU
		{32B23A41-5B99-4223-9FE3-8EBE11294ECE}.Debug|iPhoneSimulator.Deploy.0 = Debug|Any CPU
		{32B23A41-5B99-4223-9FE3-8EBE11294ECE}.Debug|x64.ActiveCfg = Debug|x64
		{32B23A41-5B99-4223-9FE3-8EBE11294ECE}.Debug|x64.Build.0 = Debug|x64
		{32B23A41-5B99-4223-9FE3-8EBE11294ECE}.Debug|x64.Deploy.0 = Debug|x64
		{32B23A41-5B99-4223-9FE3-8EBE11294ECE}.Debug|x86.ActiveCfg = Debug|x86
		{32B23A41-5B99-4223-9FE3-8EBE11294ECE}.Debug|x86.Build.0 = Debug|x86
		{32B23A41-5B99-4223-9FE3-8EBE11294ECE}.Debug|x86.Deploy.0 = Debug|x86
		{32B23A41-5B99-4223-9FE3-8EBE11294ECE}.Release|Any CPU.ActiveCfg = Release|Any CPU
		{32B23A41-5B99-4223-9FE3-8EBE11294ECE}.Release|Any CPU.Build.0 = Release|Any CPU
		{32B23A41-5B99-4223-9FE3-8EBE11294ECE}.Release|Any CPU.Deploy.0 = Release|Any CPU
		{32B23A41-5B99-4223-9FE3-8EBE11294ECE}.Release|ARM.ActiveCfg = Release|ARM
		{32B23A41-5B99-4223-9FE3-8EBE11294ECE}.Release|ARM.Build.0 = Release|ARM
		{32B23A41-5B99-4223-9FE3-8EBE11294ECE}.Release|ARM.Deploy.0 = Release|ARM
		{32B23A41-5B99-4223-9FE3-8EBE11294ECE}.Release|iPhone.ActiveCfg = Release|Any CPU
		{32B23A41-5B99-4223-9FE3-8EBE11294ECE}.Release|iPhone.Build.0 = Release|Any CPU
		{32B23A41-5B99-4223-9FE3-8EBE11294ECE}.Release|iPhone.Deploy.0 = Release|Any CPU
		{32B23A41-5B99-4223-9FE3-8EBE11294ECE}.Release|iPhoneSimulator.ActiveCfg = Release|Any CPU
		{32B23A41-5B99-4223-9FE3-8EBE11294ECE}.Release|iPhoneSimulator.Build.0 = Release|Any CPU
		{32B23A41-5B99-4223-9FE3-8EBE11294ECE}.Release|iPhoneSimulator.Deploy.0 = Release|Any CPU
		{32B23A41-5B99-4223-9FE3-8EBE11294ECE}.Release|x64.ActiveCfg = Release|x64
		{32B23A41-5B99-4223-9FE3-8EBE11294ECE}.Release|x64.Build.0 = Release|x64
		{32B23A41-5B99-4223-9FE3-8EBE11294ECE}.Release|x64.Deploy.0 = Release|x64
		{32B23A41-5B99-4223-9FE3-8EBE11294ECE}.Release|x86.ActiveCfg = Release|x86
		{32B23A41-5B99-4223-9FE3-8EBE11294ECE}.Release|x86.Build.0 = Release|x86
		{32B23A41-5B99-4223-9FE3-8EBE11294ECE}.Release|x86.Deploy.0 = Release|x86
		{FED76C33-0783-46AE-8550-A438F460F1DA}.Ad-Hoc|Any CPU.ActiveCfg = Release|Any CPU
		{FED76C33-0783-46AE-8550-A438F460F1DA}.Ad-Hoc|Any CPU.Build.0 = Release|Any CPU
		{FED76C33-0783-46AE-8550-A438F460F1DA}.Ad-Hoc|ARM.ActiveCfg = Release|Any CPU
		{FED76C33-0783-46AE-8550-A438F460F1DA}.Ad-Hoc|ARM.Build.0 = Release|Any CPU
		{FED76C33-0783-46AE-8550-A438F460F1DA}.Ad-Hoc|iPhone.ActiveCfg = Release|Any CPU
		{FED76C33-0783-46AE-8550-A438F460F1DA}.Ad-Hoc|iPhone.Build.0 = Release|Any CPU
		{FED76C33-0783-46AE-8550-A438F460F1DA}.Ad-Hoc|iPhoneSimulator.ActiveCfg = Release|Any CPU
		{FED76C33-0783-46AE-8550-A438F460F1DA}.Ad-Hoc|iPhoneSimulator.Build.0 = Release|Any CPU
		{FED76C33-0783-46AE-8550-A438F460F1DA}.Ad-Hoc|x64.ActiveCfg = Release|Any CPU
		{FED76C33-0783-46AE-8550-A438F460F1DA}.Ad-Hoc|x64.Build.0 = Release|Any CPU
		{FED76C33-0783-46AE-8550-A438F460F1DA}.Ad-Hoc|x86.ActiveCfg = Release|Any CPU
		{FED76C33-0783-46AE-8550-A438F460F1DA}.Ad-Hoc|x86.Build.0 = Release|Any CPU
		{FED76C33-0783-46AE-8550-A438F460F1DA}.AppStore|Any CPU.ActiveCfg = Release|Any CPU
		{FED76C33-0783-46AE-8550-A438F460F1DA}.AppStore|Any CPU.Build.0 = Release|Any CPU
		{FED76C33-0783-46AE-8550-A438F460F1DA}.AppStore|ARM.ActiveCfg = Release|Any CPU
		{FED76C33-0783-46AE-8550-A438F460F1DA}.AppStore|ARM.Build.0 = Release|Any CPU
		{FED76C33-0783-46AE-8550-A438F460F1DA}.AppStore|iPhone.ActiveCfg = Release|Any CPU
		{FED76C33-0783-46AE-8550-A438F460F1DA}.AppStore|iPhone.Build.0 = Release|Any CPU
		{FED76C33-0783-46AE-8550-A438F460F1DA}.AppStore|iPhoneSimulator.ActiveCfg = Release|Any CPU
		{FED76C33-0783-46AE-8550-A438F460F1DA}.AppStore|iPhoneSimulator.Build.0 = Release|Any CPU
		{FED76C33-0783-46AE-8550-A438F460F1DA}.AppStore|x64.ActiveCfg = Release|Any CPU
		{FED76C33-0783-46AE-8550-A438F460F1DA}.AppStore|x64.Build.0 = Release|Any CPU
		{FED76C33-0783-46AE-8550-A438F460F1DA}.AppStore|x86.ActiveCfg = Release|Any CPU
		{FED76C33-0783-46AE-8550-A438F460F1DA}.AppStore|x86.Build.0 = Release|Any CPU
		{FED76C33-0783-46AE-8550-A438F460F1DA}.Debug|Any CPU.ActiveCfg = Debug|Any CPU
		{FED76C33-0783-46AE-8550-A438F460F1DA}.Debug|Any CPU.Build.0 = Debug|Any CPU
		{FED76C33-0783-46AE-8550-A438F460F1DA}.Debug|ARM.ActiveCfg = Debug|Any CPU
		{FED76C33-0783-46AE-8550-A438F460F1DA}.Debug|ARM.Build.0 = Debug|Any CPU
		{FED76C33-0783-46AE-8550-A438F460F1DA}.Debug|iPhone.ActiveCfg = Debug|Any CPU
		{FED76C33-0783-46AE-8550-A438F460F1DA}.Debug|iPhone.Build.0 = Debug|Any CPU
		{FED76C33-0783-46AE-8550-A438F460F1DA}.Debug|iPhoneSimulator.ActiveCfg = Debug|Any CPU
		{FED76C33-0783-46AE-8550-A438F460F1DA}.Debug|iPhoneSimulator.Build.0 = Debug|Any CPU
		{FED76C33-0783-46AE-8550-A438F460F1DA}.Debug|x64.ActiveCfg = Debug|Any CPU
		{FED76C33-0783-46AE-8550-A438F460F1DA}.Debug|x64.Build.0 = Debug|Any CPU
		{FED76C33-0783-46AE-8550-A438F460F1DA}.Debug|x86.ActiveCfg = Debug|Any CPU
		{FED76C33-0783-46AE-8550-A438F460F1DA}.Debug|x86.Build.0 = Debug|Any CPU
		{FED76C33-0783-46AE-8550-A438F460F1DA}.Release|Any CPU.ActiveCfg = Release|Any CPU
		{FED76C33-0783-46AE-8550-A438F460F1DA}.Release|Any CPU.Build.0 = Release|Any CPU
		{FED76C33-0783-46AE-8550-A438F460F1DA}.Release|ARM.ActiveCfg = Release|Any CPU
		{FED76C33-0783-46AE-8550-A438F460F1DA}.Release|ARM.Build.0 = Release|Any CPU
		{FED76C33-0783-46AE-8550-A438F460F1DA}.Release|iPhone.ActiveCfg = Release|Any CPU
		{FED76C33-0783-46AE-8550-A438F460F1DA}.Release|iPhone.Build.0 = Release|Any CPU
		{FED76C33-0783-46AE-8550-A438F460F1DA}.Release|iPhoneSimulator.ActiveCfg = Release|Any CPU
		{FED76C33-0783-46AE-8550-A438F460F1DA}.Release|iPhoneSimulator.Build.0 = Release|Any CPU
		{FED76C33-0783-46AE-8550-A438F460F1DA}.Release|x64.ActiveCfg = Release|Any CPU
		{FED76C33-0783-46AE-8550-A438F460F1DA}.Release|x64.Build.0 = Release|Any CPU
		{FED76C33-0783-46AE-8550-A438F460F1DA}.Release|x86.ActiveCfg = Release|Any CPU
		{FED76C33-0783-46AE-8550-A438F460F1DA}.Release|x86.Build.0 = Release|Any CPU
	EndGlobalSection
	GlobalSection(SolutionProperties) = preSolution
		HideSolutionNode = FALSE
	EndGlobalSection
EndGlobal
